// !$*UTF8*$!
{
	archiveVersion = 1;
	classes = {
	};
	objectVersion = 46;
	objects = {

/* Begin PBXBuildFile section */
		F507E7711BE8EBFE00CA1D59 /* main.m in Sources */ = {isa = PBXBuildFile; fileRef = F507E7701BE8EBFE00CA1D59 /* main.m */; };
		F507E7741BE8EBFE00CA1D59 /* AppDelegate.m in Sources */ = {isa = PBXBuildFile; fileRef = F507E7731BE8EBFE00CA1D59 /* AppDelegate.m */; };
		F507E7771BE8EBFE00CA1D59 /* ViewController.m in Sources */ = {isa = PBXBuildFile; fileRef = F507E7761BE8EBFE00CA1D59 /* ViewController.m */; };
		F507E77A1BE8EBFE00CA1D59 /* Main.storyboard in Resources */ = {isa = PBXBuildFile; fileRef = F507E7781BE8EBFE00CA1D59 /* Main.storyboard */; };
		F507E77C1BE8EBFE00CA1D59 /* Assets.xcassets in Resources */ = {isa = PBXBuildFile; fileRef = F507E77B1BE8EBFE00CA1D59 /* Assets.xcassets */; };
		F507E77F1BE8EBFE00CA1D59 /* LaunchScreen.storyboard in Resources */ = {isa = PBXBuildFile; fileRef = F507E77D1BE8EBFE00CA1D59 /* LaunchScreen.storyboard */; };
		F507E78A1BE8EBFE00CA1D59 /* swiftobjectiveCTests.m in Sources */ = {isa = PBXBuildFile; fileRef = F507E7891BE8EBFE00CA1D59 /* swiftobjectiveCTests.m */; };
		F507E7951BE8EBFE00CA1D59 /* swiftobjectiveCUITests.m in Sources */ = {isa = PBXBuildFile; fileRef = F507E7941BE8EBFE00CA1D59 /* swiftobjectiveCUITests.m */; };
/* End PBXBuildFile section */

/* Begin PBXContainerItemProxy section */
		F507E7861BE8EBFE00CA1D59 /* PBXContainerItemProxy */ = {
			isa = PBXContainerItemProxy;
			containerPortal = F507E7641BE8EBFD00CA1D59 /* Project object */;
			proxyType = 1;
			remoteGlobalIDString = F507E76B1BE8EBFD00CA1D59;
			remoteInfo = swiftobjectiveC;
		};
		F507E7911BE8EBFE00CA1D59 /* PBXContainerItemProxy */ = {
			isa = PBXContainerItemProxy;
			containerPortal = F507E7641BE8EBFD00CA1D59 /* Project object */;
			proxyType = 1;
			remoteGlobalIDString = F507E76B1BE8EBFD00CA1D59;
			remoteInfo = swiftobjectiveC;
		};
/* End PBXContainerItemProxy section */

/* Begin PBXFileReference section */
		F507E76C1BE8EBFE00CA1D59 /* swiftobjectiveC.app */ = {isa = PBXFileReference; explicitFileType = wrapper.application; includeInIndex = 0; path = swiftobjectiveC.app; sourceTree = BUILT_PRODUCTS_DIR; };
		F507E7701BE8EBFE00CA1D59 /* main.m */ = {isa = PBXFileReference; lastKnownFileType = sourcecode.c.objc; path = main.m; sourceTree = "<group>"; };
		F507E7721BE8EBFE00CA1D59 /* AppDelegate.h */ = {isa = PBXFileReference; lastKnownFileType = sourcecode.c.h; path = AppDelegate.h; sourceTree = "<group>"; };
		F507E7731BE8EBFE00CA1D59 /* AppDelegate.m */ = {isa = PBXFileReference; lastKnownFileType = sourcecode.c.objc; path = AppDelegate.m; sourceTree = "<group>"; };
		F507E7751BE8EBFE00CA1D59 /* ViewController.h */ = {isa = PBXFileReference; lastKnownFileType = sourcecode.c.h; path = ViewController.h; sourceTree = "<group>"; };
		F507E7761BE8EBFE00CA1D59 /* ViewController.m */ = {isa = PBXFileReference; lastKnownFileType = sourcecode.c.objc; path = ViewController.m; sourceTree = "<group>"; };
		F507E7791BE8EBFE00CA1D59 /* Base */ = {isa = PBXFileReference; lastKnownFileType = file.storyboard; name = Base; path = Base.lproj/Main.storyboard; sourceTree = "<group>"; };
		F507E77B1BE8EBFE00CA1D59 /* Assets.xcassets */ = {isa = PBXFileReference; lastKnownFileType = folder.assetcatalog; path = Assets.xcassets; sourceTree = "<group>"; };
		F507E77E1BE8EBFE00CA1D59 /* Base */ = {isa = PBXFileReference; lastKnownFileType = file.storyboard; name = Base; path = Base.lproj/LaunchScreen.storyboard; sourceTree = "<group>"; };
		F507E7801BE8EBFE00CA1D59 /* Info.plist */ = {isa = PBXFileReference; lastKnownFileType = text.plist.xml; path = Info.plist; sourceTree = "<group>"; };
		F507E7851BE8EBFE00CA1D59 /* swiftobjectiveCTests.xctest */ = {isa = PBXFileReference; explicitFileType = wrapper.cfbundle; includeInIndex = 0; path = swiftobjectiveCTests.xctest; sourceTree = BUILT_PRODUCTS_DIR; };
		F507E7891BE8EBFE00CA1D59 /* swiftobjectiveCTests.m */ = {isa = PBXFileReference; lastKnownFileType = sourcecode.c.objc; path = swiftobjectiveCTests.m; sourceTree = "<group>"; };
		F507E78B1BE8EBFE00CA1D59 /* Info.plist */ = {isa = PBXFileReference; lastKnownFileType = text.plist.xml; path = Info.plist; sourceTree = "<group>"; };
		F507E7901BE8EBFE00CA1D59 /* swiftobjectiveCUITests.xctest */ = {isa = PBXFileReference; explicitFileType = wrapper.cfbundle; includeInIndex = 0; path = swiftobjectiveCUITests.xctest; sourceTree = BUILT_PRODUCTS_DIR; };
		F507E7941BE8EBFE00CA1D59 /* swiftobjectiveCUITests.m */ = {isa = PBXFileReference; lastKnownFileType = sourcecode.c.objc; path = swiftobjectiveCUITests.m; sourceTree = "<group>"; };
		F507E7961BE8EBFE00CA1D59 /* Info.plist */ = {isa = PBXFileReference; lastKnownFileType = text.plist.xml; path = Info.plist; sourceTree = "<group>"; };
/* End PBXFileReference section */

/* Begin PBXFrameworksBuildPhase section */
		F507E7691BE8EBFD00CA1D59 /* Frameworks */ = {
			isa = PBXFrameworksBuildPhase;
			buildActionMask = 2147483647;
			files = (
			);
			runOnlyForDeploymentPostprocessing = 0;
		};
		F507E7821BE8EBFE00CA1D59 /* Frameworks */ = {
			isa = PBXFrameworksBuildPhase;
			buildActionMask = 2147483647;
			files = (
			);
			runOnlyForDeploymentPostprocessing = 0;
		};
		F507E78D1BE8EBFE00CA1D59 /* Frameworks */ = {
			isa = PBXFrameworksBuildPhase;
			buildActionMask = 2147483647;
			files = (
			);
			runOnlyForDeploymentPostprocessing = 0;
		};
/* End PBXFrameworksBuildPhase section */

/* Begin PBXGroup section */
		F507E7631BE8EBFD00CA1D59 = {
			isa = PBXGroup;
			children = (
				F507E76E1BE8EBFE00CA1D59 /* swiftobjectiveC */,
				F507E7881BE8EBFE00CA1D59 /* swiftobjectiveCTests */,
				F507E7931BE8EBFE00CA1D59 /* swiftobjectiveCUITests */,
				F507E76D1BE8EBFE00CA1D59 /* Products */,
			);
			sourceTree = "<group>";
		};
		F507E76D1BE8EBFE00CA1D59 /* Products */ = {
			isa = PBXGroup;
			children = (
				F507E76C1BE8EBFE00CA1D59 /* swiftobjectiveC.app */,
				F507E7851BE8EBFE00CA1D59 /* swiftobjectiveCTests.xctest */,
				F507E7901BE8EBFE00CA1D59 /* swiftobjectiveCUITests.xctest */,
			);
			name = Products;
			sourceTree = "<group>";
		};
		F507E76E1BE8EBFE00CA1D59 /* swiftobjectiveC */ = {
			isa = PBXGroup;
			children = (
				F507E7721BE8EBFE00CA1D59 /* AppDelegate.h */,
				F507E7731BE8EBFE00CA1D59 /* AppDelegate.m */,
				F507E7751BE8EBFE00CA1D59 /* ViewController.h */,
				F507E7761BE8EBFE00CA1D59 /* ViewController.m */,
				F507E7781BE8EBFE00CA1D59 /* Main.storyboard */,
				F507E77B1BE8EBFE00CA1D59 /* Assets.xcassets */,
				F507E77D1BE8EBFE00CA1D59 /* LaunchScreen.storyboard */,
				F507E7801BE8EBFE00CA1D59 /* Info.plist */,
				F507E76F1BE8EBFE00CA1D59 /* Supporting Files */,
			);
			path = swiftobjectiveC;
			sourceTree = "<group>";
		};
		F507E76F1BE8EBFE00CA1D59 /* Supporting Files */ = {
			isa = PBXGroup;
			children = (
				F507E7701BE8EBFE00CA1D59 /* main.m */,
			);
			name = "Supporting Files";
			sourceTree = "<group>";
		};
		F507E7881BE8EBFE00CA1D59 /* swiftobjectiveCTests */ = {
			isa = PBXGroup;
			children = (
				F507E7891BE8EBFE00CA1D59 /* swiftobjectiveCTests.m */,
				F507E78B1BE8EBFE00CA1D59 /* Info.plist */,
			);
			path = swiftobjectiveCTests;
			sourceTree = "<group>";
		};
		F507E7931BE8EBFE00CA1D59 /* swiftobjectiveCUITests */ = {
			isa = PBXGroup;
			children = (
				F507E7941BE8EBFE00CA1D59 /* swiftobjectiveCUITests.m */,
				F507E7961BE8EBFE00CA1D59 /* Info.plist */,
			);
			path = swiftobjectiveCUITests;
			sourceTree = "<group>";
		};
/* End PBXGroup section */

/* Begin PBXNativeTarget section */
		F507E76B1BE8EBFD00CA1D59 /* swiftobjectiveC */ = {
			isa = PBXNativeTarget;
			buildConfigurationList = F507E7991BE8EBFE00CA1D59 /* Build configuration list for PBXNativeTarget "swiftobjectiveC" */;
			buildPhases = (
				F507E7681BE8EBFD00CA1D59 /* Sources */,
				F507E7691BE8EBFD00CA1D59 /* Frameworks */,
				F507E76A1BE8EBFD00CA1D59 /* Resources */,
			);
			buildRules = (
			);
			dependencies = (
			);
			name = swiftobjectiveC;
			productName = swiftobjectiveC;
			productReference = F507E76C1BE8EBFE00CA1D59 /* swiftobjectiveC.app */;
			productType = "com.apple.product-type.application";
		};
		F507E7841BE8EBFE00CA1D59 /* swiftobjectiveCTests */ = {
			isa = PBXNativeTarget;
			buildConfigurationList = F507E79C1BE8EBFE00CA1D59 /* Build configuration list for PBXNativeTarget "swiftobjectiveCTests" */;
			buildPhases = (
				F507E7811BE8EBFE00CA1D59 /* Sources */,
				F507E7821BE8EBFE00CA1D59 /* Frameworks */,
				F507E7831BE8EBFE00CA1D59 /* Resources */,
			);
			buildRules = (
			);
			dependencies = (
				F507E7871BE8EBFE00CA1D59 /* PBXTargetDependency */,
			);
			name = swiftobjectiveCTests;
			productName = swiftobjectiveCTests;
			productReference = F507E7851BE8EBFE00CA1D59 /* swiftobjectiveCTests.xctest */;
			productType = "com.apple.product-type.bundle.unit-test";
		};
		F507E78F1BE8EBFE00CA1D59 /* swiftobjectiveCUITests */ = {
			isa = PBXNativeTarget;
			buildConfigurationList = F507E79F1BE8EBFE00CA1D59 /* Build configuration list for PBXNativeTarget "swiftobjectiveCUITests" */;
			buildPhases = (
				F507E78C1BE8EBFE00CA1D59 /* Sources */,
				F507E78D1BE8EBFE00CA1D59 /* Frameworks */,
				F507E78E1BE8EBFE00CA1D59 /* Resources */,
			);
			buildRules = (
			);
			dependencies = (
				F507E7921BE8EBFE00CA1D59 /* PBXTargetDependency */,
			);
			name = swiftobjectiveCUITests;
			productName = swiftobjectiveCUITests;
			productReference = F507E7901BE8EBFE00CA1D59 /* swiftobjectiveCUITests.xctest */;
			productType = "com.apple.product-type.bundle.ui-testing";
		};
/* End PBXNativeTarget section */

/* Begin PBXProject section */
		F507E7641BE8EBFD00CA1D59 /* Project object */ = {
			isa = PBXProject;
			attributes = {
				LastUpgradeCheck = 0710;
				ORGANIZATIONNAME = baotrung;
				TargetAttributes = {
					F507E76B1BE8EBFD00CA1D59 = {
						CreatedOnToolsVersion = 7.1;
					};
					F507E7841BE8EBFE00CA1D59 = {
						CreatedOnToolsVersion = 7.1;
						TestTargetID = F507E76B1BE8EBFD00CA1D59;
					};
					F507E78F1BE8EBFE00CA1D59 = {
						CreatedOnToolsVersion = 7.1;
						TestTargetID = F507E76B1BE8EBFD00CA1D59;
					};
				};
			};
			buildConfigurationList = F507E7671BE8EBFD00CA1D59 /* Build configuration list for PBXProject "swiftobjectiveC" */;
			compatibilityVersion = "Xcode 3.2";
			developmentRegion = English;
			hasScannedForEncodings = 0;
			knownRegions = (
				en,
				Base,
			);
			mainGroup = F507E7631BE8EBFD00CA1D59;
			productRefGroup = F507E76D1BE8EBFE00CA1D59 /* Products */;
			projectDirPath = "";
			projectRoot = "";
			targets = (
				F507E76B1BE8EBFD00CA1D59 /* swiftobjectiveC */,
				F507E7841BE8EBFE00CA1D59 /* swiftobjectiveCTests */,
				F507E78F1BE8EBFE00CA1D59 /* swiftobjectiveCUITests */,
			);
		};
/* End PBXProject section */

/* Begin PBXResourcesBuildPhase section */
		F507E76A1BE8EBFD00CA1D59 /* Resources */ = {
			isa = PBXResourcesBuildPhase;
			buildActionMask = 2147483647;
			files = (
				F507E77F1BE8EBFE00CA1D59 /* LaunchScreen.storyboard in Resources */,
				F507E77C1BE8EBFE00CA1D59 /* Assets.xcassets in Resources */,
				F507E77A1BE8EBFE00CA1D59 /* Main.storyboard in Resources */,
			);
			runOnlyForDeploymentPostprocessing = 0;
		};
		F507E7831BE8EBFE00CA1D59 /* Resources */ = {
			isa = PBXResourcesBuildPhase;
			buildActionMask = 2147483647;
			files = (
			);
			runOnlyForDeploymentPostprocessing = 0;
		};
		F507E78E1BE8EBFE00CA1D59 /* Resources */ = {
			isa = PBXResourcesBuildPhase;
			buildActionMask = 2147483647;
			files = (
			);
			runOnlyForDeploymentPostprocessing = 0;
		};
/* End PBXResourcesBuildPhase section */

/* Begin PBXSourcesBuildPhase section */
		F507E7681BE8EBFD00CA1D59 /* Sources */ = {
			isa = PBXSourcesBuildPhase;
			buildActionMask = 2147483647;
			files = (
				F507E7771BE8EBFE00CA1D59 /* ViewController.m in Sources */,
				F507E7741BE8EBFE00CA1D59 /* AppDelegate.m in Sources */,
				F507E7711BE8EBFE00CA1D59 /* main.m in Sources */,
			);
			runOnlyForDeploymentPostprocessing = 0;
		};
		F507E7811BE8EBFE00CA1D59 /* Sources */ = {
			isa = PBXSourcesBuildPhase;
			buildActionMask = 2147483647;
			files = (
				F507E78A1BE8EBFE00CA1D59 /* swiftobjectiveCTests.m in Sources */,
			);
			runOnlyForDeploymentPostprocessing = 0;
		};
		F507E78C1BE8EBFE00CA1D59 /* Sources */ = {
			isa = PBXSourcesBuildPhase;
			buildActionMask = 2147483647;
			files = (
				F507E7951BE8EBFE00CA1D59 /* swiftobjectiveCUITests.m in Sources */,
			);
			runOnlyForDeploymentPostprocessing = 0;
		};
/* End PBXSourcesBuildPhase section */

/* Begin PBXTargetDependency section */
		F507E7871BE8EBFE00CA1D59 /* PBXTargetDependency */ = {
			isa = PBXTargetDependency;
			target = F507E76B1BE8EBFD00CA1D59 /* swiftobjectiveC */;
			targetProxy = F507E7861BE8EBFE00CA1D59 /* PBXContainerItemProxy */;
		};
		F507E7921BE8EBFE00CA1D59 /* PBXTargetDependency */ = {
			isa = PBXTargetDependency;
			target = F507E76B1BE8EBFD00CA1D59 /* swiftobjectiveC */;
			targetProxy = F507E7911BE8EBFE00CA1D59 /* PBXContainerItemProxy */;
		};
/* End PBXTargetDependency section */

/* Begin PBXVariantGroup section */
		F507E7781BE8EBFE00CA1D59 /* Main.storyboard */ = {
			isa = PBXVariantGroup;
			children = (
				F507E7791BE8EBFE00CA1D59 /* Base */,
			);
			name = Main.storyboard;
			sourceTree = "<group>";
		};
		F507E77D1BE8EBFE00CA1D59 /* LaunchScreen.storyboard */ = {
			isa = PBXVariantGroup;
			children = (
				F507E77E1BE8EBFE00CA1D59 /* Base */,
			);
			name = LaunchScreen.storyboard;
			sourceTree = "<group>";
		};
/* End PBXVariantGroup section */

/* Begin XCBuildConfiguration section */
		F507E7971BE8EBFE00CA1D59 /* Debug */ = {
			isa = XCBuildConfiguration;
			buildSettings = {
				ALWAYS_SEARCH_USER_PATHS = NO;
				CLANG_CXX_LANGUAGE_STANDARD = "gnu++0x";
				CLANG_CXX_LIBRARY = "libc++";
				CLANG_ENABLE_MODULES = YES;
				CLANG_ENABLE_OBJC_ARC = YES;
				CLANG_WARN_BOOL_CONVERSION = YES;
				CLANG_WARN_CONSTANT_CONVERSION = YES;
				CLANG_WARN_DIRECT_OBJC_ISA_USAGE = YES_ERROR;
				CLANG_WARN_EMPTY_BODY = YES;
				CLANG_WARN_ENUM_CONVERSION = YES;
				CLANG_WARN_INT_CONVERSION = YES;
				CLANG_WARN_OBJC_ROOT_CLASS = YES_ERROR;
				CLANG_WARN_UNREACHABLE_CODE = YES;
				CLANG_WARN__DUPLICATE_METHOD_MATCH = YES;
				"CODE_SIGN_IDENTITY[sdk=iphoneos*]" = "iPhone Developer";
				COPY_PHASE_STRIP = NO;
				DEBUG_INFORMATION_FORMAT = dwarf;
				ENABLE_STRICT_OBJC_MSGSEND = YES;
				ENABLE_TESTABILITY = YES;
				GCC_C_LANGUAGE_STANDARD = gnu99;
				GCC_DYNAMIC_NO_PIC = NO;
				GCC_NO_COMMON_BLOCKS = YES;
				GCC_OPTIMIZATION_LEVEL = 0;
				GCC_PREPROCESSOR_DEFINITIONS = (
					"DEBUG=1",
					"$(inherited)",
				);
				GCC_WARN_64_TO_32_BIT_CONVERSION = YES;
				GCC_WARN_ABOUT_RETURN_TYPE = YES_ERROR;
				GCC_WARN_UNDECLARED_SELECTOR = YES;
				GCC_WARN_UNINITIALIZED_AUTOS = YES_AGGRESSIVE;
				GCC_WARN_UNUSED_FUNCTION = YES;
				GCC_WARN_UNUSED_VARIABLE = YES;
				IPHONEOS_DEPLOYMENT_TARGET = 9.1;
				MTL_ENABLE_DEBUG_INFO = YES;
				ONLY_ACTIVE_ARCH = YES;
				SDKROOT = iphoneos;
			};
			name = Debug;
		};
		F507E7981BE8EBFE00CA1D59 /* Release */ = {
			isa = XCBuildConfiguration;
			buildSettings = {
				ALWAYS_SEARCH_USER_PATHS = NO;
				CLANG_CXX_LANGUAGE_STANDARD = "gnu++0x";
				CLANG_CXX_LIBRARY = "libc++";
				CLANG_ENABLE_MODULES = YES;
				CLANG_ENABLE_OBJC_ARC = YES;
				CLANG_WARN_BOOL_CONVERSION = YES;
				CLANG_WARN_CONSTANT_CONVERSION = YES;
				CLANG_WARN_DIRECT_OBJC_ISA_USAGE = YES_ERROR;
				CLANG_WARN_EMPTY_BODY = YES;
				CLANG_WARN_ENUM_CONVERSION = YES;
				CLANG_WARN_INT_CONVERSION = YES;
				CLANG_WARN_OBJC_ROOT_CLASS = YES_ERROR;
				CLANG_WARN_UNREACHABLE_CODE = YES;
				CLANG_WARN__DUPLICATE_METHOD_MATCH = YES;
				"CODE_SIGN_IDENTITY[sdk=iphoneos*]" = "iPhone Developer";
				COPY_PHASE_STRIP = NO;
				DEBUG_INFORMATION_FORMAT = "dwarf-with-dsym";
				ENABLE_NS_ASSERTIONS = NO;
				ENABLE_STRICT_OBJC_MSGSEND = YES;
				GCC_C_LANGUAGE_STANDARD = gnu99;
				GCC_NO_COMMON_BLOCKS = YES;
				GCC_WARN_64_TO_32_BIT_CONVERSION = YES;
				GCC_WARN_ABOUT_RETURN_TYPE = YES_ERROR;
				GCC_WARN_UNDECLARED_SELECTOR = YES;
				GCC_WARN_UNINITIALIZED_AUTOS = YES_AGGRESSIVE;
				GCC_WARN_UNUSED_FUNCTION = YES;
				GCC_WARN_UNUSED_VARIABLE = YES;
				IPHONEOS_DEPLOYMENT_TARGET = 9.1;
				MTL_ENABLE_DEBUG_INFO = NO;
				SDKROOT = iphoneos;
				VALIDATE_PRODUCT = YES;
			};
			name = Release;
		};
		F507E79A1BE8EBFE00CA1D59 /* Debug */ = {
			isa = XCBuildConfiguration;
			buildSettings = {
				ASSETCATALOG_COMPILER_APPICON_NAME = AppIcon;
				INFOPLIST_FILE = swiftobjectiveC/Info.plist;
				LD_RUNPATH_SEARCH_PATHS = "$(inherited) @executable_path/Frameworks";
				PRODUCT_BUNDLE_IDENTIFIER = baotrung.swiftobjectiveC;
				PRODUCT_NAME = "$(TARGET_NAME)";
			};
			name = Debug;
		};
		F507E79B1BE8EBFE00CA1D59 /* Release */ = {
			isa = XCBuildConfiguration;
			buildSettings = {
				ASSETCATALOG_COMPILER_APPICON_NAME = AppIcon;
				INFOPLIST_FILE = swiftobjectiveC/Info.plist;
				LD_RUNPATH_SEARCH_PATHS = "$(inherited) @executable_path/Frameworks";
				PRODUCT_BUNDLE_IDENTIFIER = baotrung.swiftobjectiveC;
				PRODUCT_NAME = "$(TARGET_NAME)";
			};
			name = Release;
		};
		F507E79D1BE8EBFE00CA1D59 /* Debug */ = {
			isa = XCBuildConfiguration;
			buildSettings = {
				BUNDLE_LOADER = "$(TEST_HOST)";
				INFOPLIST_FILE = swiftobjectiveCTests/Info.plist;
				LD_RUNPATH_SEARCH_PATHS = "$(inherited) @executable_path/Frameworks @loader_path/Frameworks";
				PRODUCT_BUNDLE_IDENTIFIER = baotrung.swiftobjectiveCTests;
				PRODUCT_NAME = "$(TARGET_NAME)";
				TEST_HOST = "$(BUILT_PRODUCTS_DIR)/swiftobjectiveC.app/swiftobjectiveC";
			};
			name = Debug;
		};
		F507E79E1BE8EBFE00CA1D59 /* Release */ = {
			isa = XCBuildConfiguration;
			buildSettings = {
				BUNDLE_LOADER = "$(TEST_HOST)";
				INFOPLIST_FILE = swiftobjectiveCTests/Info.plist;
				LD_RUNPATH_SEARCH_PATHS = "$(inherited) @executable_path/Frameworks @loader_path/Frameworks";
				PRODUCT_BUNDLE_IDENTIFIER = baotrung.swiftobjectiveCTests;
				PRODUCT_NAME = "$(TARGET_NAME)";
				TEST_HOST = "$(BUILT_PRODUCTS_DIR)/swiftobjectiveC.app/swiftobjectiveC";
			};
			name = Release;
		};
		F507E7A01BE8EBFE00CA1D59 /* Debug */ = {
			isa = XCBuildConfiguration;
			buildSettings = {
				INFOPLIST_FILE = swiftobjectiveCUITests/Info.plist;
				LD_RUNPATH_SEARCH_PATHS = "$(inherited) @executable_path/Frameworks @loader_path/Frameworks";
				PRODUCT_BUNDLE_IDENTIFIER = baotrung.swiftobjectiveCUITests;
				PRODUCT_NAME = "$(TARGET_NAME)";
				TEST_TARGET_NAME = swiftobjectiveC;
				USES_XCTRUNNER = YES;
			};
			name = Debug;
		};
		F507E7A11BE8EBFE00CA1D59 /* Release */ = {
			isa = XCBuildConfiguration;
			buildSettings = {
				INFOPLIST_FILE = swiftobjectiveCUITests/Info.plist;
				LD_RUNPATH_SEARCH_PATHS = "$(inherited) @executable_path/Frameworks @loader_path/Frameworks";
				PRODUCT_BUNDLE_IDENTIFIER = baotrung.swiftobjectiveCUITests;
				PRODUCT_NAME = "$(TARGET_NAME)";
				TEST_TARGET_NAME = swiftobjectiveC;
				USES_XCTRUNNER = YES;
			};
			name = Release;
		};
/* End XCBuildConfiguration section */

/* Begin XCConfigurationList section */
		F507E7671BE8EBFD00CA1D59 /* Build configuration list for PBXProject "swiftobjectiveC" */ = {
			isa = XCConfigurationList;
			buildConfigurations = (
				F507E7971BE8EBFE00CA1D59 /* Debug */,
				F507E7981BE8EBFE00CA1D59 /* Release */,
			);
			defaultConfigurationIsVisible = 0;
			defaultConfigurationName = Release;
		};
		F507E7991BE8EBFE00CA1D59 /* Build configuration list for PBXNativeTarget "swiftobjectiveC" */ = {
			isa = XCConfigurationList;
			buildConfigurations = (
				F507E79A1BE8EBFE00CA1D59 /* Debug */,
				F507E79B1BE8EBFE00CA1D59 /* Release */,
			);
			defaultConfigurationIsVisible = 0;
		};
		F507E79C1BE8EBFE00CA1D59 /* Build configuration list for PBXNativeTarget "swiftobjectiveCTests" */ = {
			isa = XCConfigurationList;
			buildConfigurations = (
				F507E79D1BE8EBFE00CA1D59 /* Debug */,
				F507E79E1BE8EBFE00CA1D59 /* Release */,
			);
			defaultConfigurationIsVisible = 0;
		};
		F507E79F1BE8EBFE00CA1D59 /* Build configuration list for PBXNativeTarget "swiftobjectiveCUITests" */ = {
			isa = XCConfigurationList;
			buildConfigurations = (
				F507E7A01BE8EBFE00CA1D59 /* Debug */,
				F507E7A11BE8EBFE00CA1D59 /* Release */,
			);
			defaultConfigurationIsVisible = 0;
		};
/* End XCConfigurationList section */
	};
	rootObject = F507E7641BE8EBFD00CA1D59 /* Project object */;
}
